
Microsoft Visual Studio Solution File, Format Version 12.00
# Visual Studio Version 17
VisualStudioVersion = 17.6.33723.286
MinimumVisualStudioVersion = 10.0.40219.1
Project("{FAE04EC0-301F-11D3-BF4B-00C04F79EFBC}") = "DadJoke", "DadJoke\DadJoke.csproj", "{8FF4C305-8A25-42CC-82F1-C93DC5AC9EE5}"
EndProject
Global
	GlobalSection(SolutionConfigurationPlatforms) = preSolution
		Debug|Any CPU = Debug|Any CPU
		Release|Any CPU = Release|Any CPU
	EndGlobalSection
	GlobalSection(ProjectConfigurationPlatforms) = postSolution
		{8FF4C305-8A25-42CC-82F1-C93DC5AC9EE5}.Debug|Any CPU.ActiveCfg = Debug|Any CPU
		{8FF4C305-8A25-42CC-82F1-C93DC5AC9EE5}.Debug|Any CPU.Build.0 = Debug|Any CPU
		{8FF4C305-8A25-42CC-82F1-C93DC5AC9EE5}.Release|Any CPU.ActiveCfg = Release|Any CPU
		{8FF4C305-8A25-42CC-82F1-C93DC5AC9EE5}.Release|Any CPU.Build.0 = Release|Any CPU
	EndGlobalSection
	GlobalSection(SolutionProperties) = preSolution
		HideSolutionNode = FALSE
	EndGlobalSection
	GlobalSection(ExtensibilityGlobals) = postSolution
		SolutionGuid = {3E2941E8-9D47-4512-8064-0E1D32507256}
	EndGlobalSection
EndGlobal
